
Microsoft Visual Studio Solution File, Format Version 12.00
# Visual Studio 15
VisualStudioVersion = 15.0.26206.0
MinimumVisualStudioVersion = 10.0.40219.1
Project("{2150E333-8FDC-42A3-9474-1A3956D46DE8}") = ".paket", ".paket", "{C0486DBF-EE9D-44A0-A610-42F764B90118}"
	ProjectSection(SolutionItems) = preProject
		paket.dependencies = paket.dependencies
	EndProjectSection
EndProject
Project("{F2A71F9B-5D33-465A-A702-920D77279786}") = "Wox.Plugin.Github", "Wox.Plugin.Github\Wox.Plugin.Github.fsproj", "{6C22CFFE-6B35-46EC-9087-ABE149C4A575}"
EndProject
Global
	GlobalSection(SolutionConfigurationPlatforms) = preSolution
		Debug|Any CPU = Debug|Any CPU
		Release|Any CPU = Release|Any CPU
	EndGlobalSection
	GlobalSection(ProjectConfigurationPlatforms) = postSolution
		{6C22CFFE-6B35-46EC-9087-ABE149C4A575}.Debug|Any CPU.ActiveCfg = Debug|Any CPU
		{6C22CFFE-6B35-46EC-9087-ABE149C4A575}.Debug|Any CPU.Build.0 = Debug|Any CPU
		{6C22CFFE-6B35-46EC-9087-ABE149C4A575}.Release|Any CPU.ActiveCfg = Release|Any CPU
		{6C22CFFE-6B35-46EC-9087-ABE149C4A575}.Release|Any CPU.Build.0 = Release|Any CPU
	EndGlobalSection
	GlobalSection(SolutionProperties) = preSolution
		HideSolutionNode = FALSE
	EndGlobalSection
EndGlobal
